
Microsoft Visual Studio Solution File, Format Version 12.00
# Visual Studio 15
Project("{D954291E-2A0B-460D-934E-DC6B0785DB48}") = "iAudit", "iAudit\iAudit.shproj", "{A06EAA4C-743F-44FE-B01C-D9E5C6E0E84E}"
EndProject
Project("{FAE04EC0-301F-11D3-BF4B-00C04F79EFBC}") = "iAudit.iOS", "iOS\iAudit.iOS.csproj", "{9FC69BF3-3BE6-497F-AB06-56BF503C5FBF}"
EndProject
Project("{FAE04EC0-301F-11D3-BF4B-00C04F79EFBC}") = "iAudit.Droid", "Droid\iAudit.Droid.csproj", "{E356BF92-467E-4854-BDCF-ECFA9B4A3191}"
EndProject
Project("{FAE04EC0-301F-11D3-BF4B-00C04F79EFBC}") = "iAuditTesting", "iAuditTesting\iAuditTesting.csproj", "{389213D7-4242-45DA-B3AD-48E61C7005CC}"
EndProject
Global
	GlobalSection(SolutionConfigurationPlatforms) = preSolution
		Debug|iPhoneSimulator = Debug|iPhoneSimulator
		Release|iPhone = Release|iPhone
		Release|iPhoneSimulator = Release|iPhoneSimulator
		Debug|iPhone = Debug|iPhone
		Debug|Any CPU = Debug|Any CPU
		Release|Any CPU = Release|Any CPU
	EndGlobalSection
	GlobalSection(ProjectConfigurationPlatforms) = postSolution
		{9FC69BF3-3BE6-497F-AB06-56BF503C5FBF}.Debug|iPhoneSimulator.ActiveCfg = Debug|iPhoneSimulator
		{9FC69BF3-3BE6-497F-AB06-56BF503C5FBF}.Debug|iPhoneSimulator.Build.0 = Debug|iPhoneSimulator
		{9FC69BF3-3BE6-497F-AB06-56BF503C5FBF}.Release|iPhone.ActiveCfg = Release|iPhone
		{9FC69BF3-3BE6-497F-AB06-56BF503C5FBF}.Release|iPhone.Build.0 = Release|iPhone
		{9FC69BF3-3BE6-497F-AB06-56BF503C5FBF}.Release|iPhoneSimulator.ActiveCfg = Release|iPhoneSimulator
		{9FC69BF3-3BE6-497F-AB06-56BF503C5FBF}.Release|iPhoneSimulator.Build.0 = Release|iPhoneSimulator
		{9FC69BF3-3BE6-497F-AB06-56BF503C5FBF}.Debug|iPhone.ActiveCfg = Debug|iPhone
		{9FC69BF3-3BE6-497F-AB06-56BF503C5FBF}.Debug|iPhone.Build.0 = Debug|iPhone
		{9FC69BF3-3BE6-497F-AB06-56BF503C5FBF}.Debug|Any CPU.ActiveCfg = Debug|iPhoneSimulator
		{9FC69BF3-3BE6-497F-AB06-56BF503C5FBF}.Debug|Any CPU.Build.0 = Debug|iPhoneSimulator
		{9FC69BF3-3BE6-497F-AB06-56BF503C5FBF}.Release|Any CPU.ActiveCfg = Release|iPhone
		{9FC69BF3-3BE6-497F-AB06-56BF503C5FBF}.Release|Any CPU.Build.0 = Release|iPhone
		{E356BF92-467E-4854-BDCF-ECFA9B4A3191}.Debug|iPhoneSimulator.ActiveCfg = Debug|Any CPU
		{E356BF92-467E-4854-BDCF-ECFA9B4A3191}.Debug|iPhoneSimulator.Build.0 = Debug|Any CPU
		{E356BF92-467E-4854-BDCF-ECFA9B4A3191}.Release|iPhone.ActiveCfg = Release|Any CPU
		{E356BF92-467E-4854-BDCF-ECFA9B4A3191}.Release|iPhone.Build.0 = Release|Any CPU
		{E356BF92-467E-4854-BDCF-ECFA9B4A3191}.Release|iPhoneSimulator.ActiveCfg = Release|Any CPU
		{E356BF92-467E-4854-BDCF-ECFA9B4A3191}.Release|iPhoneSimulator.Build.0 = Release|Any CPU
		{E356BF92-467E-4854-BDCF-ECFA9B4A3191}.Debug|iPhone.ActiveCfg = Debug|Any CPU
		{E356BF92-467E-4854-BDCF-ECFA9B4A3191}.Debug|iPhone.Build.0 = Debug|Any CPU
		{E356BF92-467E-4854-BDCF-ECFA9B4A3191}.Debug|Any CPU.ActiveCfg = Debug|Any CPU
		{E356BF92-467E-4854-BDCF-ECFA9B4A3191}.Debug|Any CPU.Build.0 = Debug|Any CPU
		{E356BF92-467E-4854-BDCF-ECFA9B4A3191}.Release|Any CPU.ActiveCfg = Release|Any CPU
		{E356BF92-467E-4854-BDCF-ECFA9B4A3191}.Release|Any CPU.Build.0 = Release|Any CPU
		{389213D7-4242-45DA-B3AD-48E61C7005CC}.Debug|iPhoneSimulator.ActiveCfg = Debug|Any CPU
		{389213D7-4242-45DA-B3AD-48E61C7005CC}.Debug|iPhoneSimulator.Build.0 = Debug|Any CPU
		{389213D7-4242-45DA-B3AD-48E61C7005CC}.Release|iPhone.ActiveCfg = Release|Any CPU
		{389213D7-4242-45DA-B3AD-48E61C7005CC}.Release|iPhone.Build.0 = Release|Any CPU
		{389213D7-4242-45DA-B3AD-48E61C7005CC}.Release|iPhoneSimulator.ActiveCfg = Release|Any CPU
		{389213D7-4242-45DA-B3AD-48E61C7005CC}.Release|iPhoneSimulator.Build.0 = Release|Any CPU
		{389213D7-4242-45DA-B3AD-48E61C7005CC}.Debug|iPhone.ActiveCfg = Debug|Any CPU
		{389213D7-4242-45DA-B3AD-48E61C7005CC}.Debug|iPhone.Build.0 = Debug|Any CPU
		{389213D7-4242-45DA-B3AD-48E61C7005CC}.Debug|Any CPU.ActiveCfg = Debug|Any CPU
		{389213D7-4242-45DA-B3AD-48E61C7005CC}.Debug|Any CPU.Build.0 = Debug|Any CPU
		{389213D7-4242-45DA-B3AD-48E61C7005CC}.Release|Any CPU.ActiveCfg = Release|Any CPU
		{389213D7-4242-45DA-B3AD-48E61C7005CC}.Release|Any CPU.Build.0 = Release|Any CPU
	EndGlobalSection
EndGlobal
