
Microsoft Visual Studio Solution File, Format Version 12.00
# Visual Studio 15
Project("{FAE04EC0-301F-11D3-BF4B-00C04F79EFBC}") = "iAudit.Android", "iAudit.Android\iAudit.Android.csproj", "{B727C7AC-0318-4E31-8BB3-27366766BD59}"
EndProject
Project("{FAE04EC0-301F-11D3-BF4B-00C04F79EFBC}") = "iAudit.iOS", "iAudit.iOS\iAudit.iOS.csproj", "{85BDDDE0-417B-4008-8BC5-A17B259615A3}"
EndProject
Project("{FAE04EC0-301F-11D3-BF4B-00C04F79EFBC}") = "iAudit.UITests", "iAudit.UITests\iAudit.UITests.csproj", "{27AF13A4-9581-459D-93BA-41BF693F739D}"
EndProject
Project("{FAE04EC0-301F-11D3-BF4B-00C04F79EFBC}") = "iAudit", "iAudit\iAudit.csproj", "{7D435235-95E1-484F-95BF-DC32213DCBC7}"
EndProject
Global
	GlobalSection(SolutionConfigurationPlatforms) = preSolution
		Debug|Any CPU = Debug|Any CPU
		Release|Any CPU = Release|Any CPU
		Debug|iPhoneSimulator = Debug|iPhoneSimulator
		Release|iPhoneSimulator = Release|iPhoneSimulator
		Debug|iPhone = Debug|iPhone
		Release|iPhone = Release|iPhone
	EndGlobalSection
	GlobalSection(ProjectConfigurationPlatforms) = postSolution
		{B727C7AC-0318-4E31-8BB3-27366766BD59}.Debug|Any CPU.ActiveCfg = Debug|Any CPU
		{B727C7AC-0318-4E31-8BB3-27366766BD59}.Debug|Any CPU.Build.0 = Debug|Any CPU
		{B727C7AC-0318-4E31-8BB3-27366766BD59}.Release|Any CPU.ActiveCfg = Release|Any CPU
		{B727C7AC-0318-4E31-8BB3-27366766BD59}.Release|Any CPU.Build.0 = Release|Any CPU
		{B727C7AC-0318-4E31-8BB3-27366766BD59}.Debug|iPhoneSimulator.ActiveCfg = Debug|Any CPU
		{B727C7AC-0318-4E31-8BB3-27366766BD59}.Debug|iPhoneSimulator.Build.0 = Debug|Any CPU
		{B727C7AC-0318-4E31-8BB3-27366766BD59}.Release|iPhoneSimulator.ActiveCfg = Release|Any CPU
		{B727C7AC-0318-4E31-8BB3-27366766BD59}.Release|iPhoneSimulator.Build.0 = Release|Any CPU
		{B727C7AC-0318-4E31-8BB3-27366766BD59}.Debug|iPhone.ActiveCfg = Debug|Any CPU
		{B727C7AC-0318-4E31-8BB3-27366766BD59}.Debug|iPhone.Build.0 = Debug|Any CPU
		{B727C7AC-0318-4E31-8BB3-27366766BD59}.Release|iPhone.ActiveCfg = Release|Any CPU
		{B727C7AC-0318-4E31-8BB3-27366766BD59}.Release|iPhone.Build.0 = Release|Any CPU
		{85BDDDE0-417B-4008-8BC5-A17B259615A3}.Debug|Any CPU.ActiveCfg = Debug|iPhoneSimulator
		{85BDDDE0-417B-4008-8BC5-A17B259615A3}.Debug|Any CPU.Build.0 = Debug|iPhoneSimulator
		{85BDDDE0-417B-4008-8BC5-A17B259615A3}.Release|Any CPU.ActiveCfg = Release|iPhoneSimulator
		{85BDDDE0-417B-4008-8BC5-A17B259615A3}.Release|Any CPU.Build.0 = Release|iPhoneSimulator
		{85BDDDE0-417B-4008-8BC5-A17B259615A3}.Debug|iPhoneSimulator.ActiveCfg = Debug|iPhoneSimulator
		{85BDDDE0-417B-4008-8BC5-A17B259615A3}.Debug|iPhoneSimulator.Build.0 = Debug|iPhoneSimulator
		{85BDDDE0-417B-4008-8BC5-A17B259615A3}.Release|iPhoneSimulator.ActiveCfg = Release|iPhoneSimulator
		{85BDDDE0-417B-4008-8BC5-A17B259615A3}.Release|iPhoneSimulator.Build.0 = Release|iPhoneSimulator
		{85BDDDE0-417B-4008-8BC5-A17B259615A3}.Debug|iPhone.ActiveCfg = Debug|iPhone
		{85BDDDE0-417B-4008-8BC5-A17B259615A3}.Debug|iPhone.Build.0 = Debug|iPhone
		{85BDDDE0-417B-4008-8BC5-A17B259615A3}.Release|iPhone.ActiveCfg = Release|iPhone
		{85BDDDE0-417B-4008-8BC5-A17B259615A3}.Release|iPhone.Build.0 = Release|iPhone
		{27AF13A4-9581-459D-93BA-41BF693F739D}.Debug|Any CPU.ActiveCfg = Debug|Any CPU
		{27AF13A4-9581-459D-93BA-41BF693F739D}.Debug|Any CPU.Build.0 = Debug|Any CPU
		{27AF13A4-9581-459D-93BA-41BF693F739D}.Release|Any CPU.ActiveCfg = Release|Any CPU
		{27AF13A4-9581-459D-93BA-41BF693F739D}.Release|Any CPU.Build.0 = Release|Any CPU
		{27AF13A4-9581-459D-93BA-41BF693F739D}.Debug|iPhoneSimulator.ActiveCfg = Debug|Any CPU
		{27AF13A4-9581-459D-93BA-41BF693F739D}.Debug|iPhoneSimulator.Build.0 = Debug|Any CPU
		{27AF13A4-9581-459D-93BA-41BF693F739D}.Release|iPhoneSimulator.ActiveCfg = Release|Any CPU
		{27AF13A4-9581-459D-93BA-41BF693F739D}.Release|iPhoneSimulator.Build.0 = Release|Any CPU
		{27AF13A4-9581-459D-93BA-41BF693F739D}.Debug|iPhone.ActiveCfg = Debug|Any CPU
		{27AF13A4-9581-459D-93BA-41BF693F739D}.Debug|iPhone.Build.0 = Debug|Any CPU
		{27AF13A4-9581-459D-93BA-41BF693F739D}.Release|iPhone.ActiveCfg = Release|Any CPU
		{27AF13A4-9581-459D-93BA-41BF693F739D}.Release|iPhone.Build.0 = Release|Any CPU
		{7D435235-95E1-484F-95BF-DC32213DCBC7}.Debug|Any CPU.ActiveCfg = Debug|Any CPU
		{7D435235-95E1-484F-95BF-DC32213DCBC7}.Debug|Any CPU.Build.0 = Debug|Any CPU
		{7D435235-95E1-484F-95BF-DC32213DCBC7}.Release|Any CPU.ActiveCfg = Release|Any CPU
		{7D435235-95E1-484F-95BF-DC32213DCBC7}.Release|Any CPU.Build.0 = Release|Any CPU
		{7D435235-95E1-484F-95BF-DC32213DCBC7}.Debug|iPhoneSimulator.ActiveCfg = Debug|Any CPU
		{7D435235-95E1-484F-95BF-DC32213DCBC7}.Debug|iPhoneSimulator.Build.0 = Debug|Any CPU
		{7D435235-95E1-484F-95BF-DC32213DCBC7}.Release|iPhoneSimulator.ActiveCfg = Release|Any CPU
		{7D435235-95E1-484F-95BF-DC32213DCBC7}.Release|iPhoneSimulator.Build.0 = Release|Any CPU
		{7D435235-95E1-484F-95BF-DC32213DCBC7}.Debug|iPhone.ActiveCfg = Debug|Any CPU
		{7D435235-95E1-484F-95BF-DC32213DCBC7}.Debug|iPhone.Build.0 = Debug|Any CPU
		{7D435235-95E1-484F-95BF-DC32213DCBC7}.Release|iPhone.ActiveCfg = Release|Any CPU
		{7D435235-95E1-484F-95BF-DC32213DCBC7}.Release|iPhone.Build.0 = Release|Any CPU
	EndGlobalSection
EndGlobal
